
Microsoft Visual Studio Solution File, Format Version 12.00
# Visual Studio Version 17
VisualStudioVersion = 17.4.33213.308
MinimumVisualStudioVersion = 10.0.40219.1
Project("{FAE04EC0-301F-11D3-BF4B-00C04F79EFBC}") = "dscc-web-app", "dscc-web-app\dscc-web-app.csproj", "{C7BCFE7E-7198-4FE8-A55B-E5B5EA2DA4D2}"
EndProject
Global
	GlobalSection(SolutionConfigurationPlatforms) = preSolution
		Debug|Any CPU = Debug|Any CPU
		Release|Any CPU = Release|Any CPU
	EndGlobalSection
	GlobalSection(ProjectConfigurationPlatforms) = postSolution
		{C7BCFE7E-7198-4FE8-A55B-E5B5EA2DA4D2}.Debug|Any CPU.ActiveCfg = Debug|Any CPU
		{C7BCFE7E-7198-4FE8-A55B-E5B5EA2DA4D2}.Debug|Any CPU.Build.0 = Debug|Any CPU
		{C7BCFE7E-7198-4FE8-A55B-E5B5EA2DA4D2}.Release|Any CPU.ActiveCfg = Release|Any CPU
		{C7BCFE7E-7198-4FE8-A55B-E5B5EA2DA4D2}.Release|Any CPU.Build.0 = Release|Any CPU
	EndGlobalSection
	GlobalSection(SolutionProperties) = preSolution
		HideSolutionNode = FALSE
	EndGlobalSection
	GlobalSection(ExtensibilityGlobals) = postSolution
		SolutionGuid = {FB786CB5-C70D-4C0F-8C37-FCAAF54DBA4D}
	EndGlobalSection
EndGlobal
